
Microsoft Visual Studio Solution File, Format Version 12.00
# Visual Studio Version 17
VisualStudioVersion = 17.4.33213.308
MinimumVisualStudioVersion = 10.0.40219.1
Project("{FAE04EC0-301F-11D3-BF4B-00C04F79EFBC}") = "longestwpf", "longestwpf\longestwpf.csproj", "{DBB8CEE5-14A2-4BE8-95EA-3F9EB2F0A8D4}"
EndProject
Global
	GlobalSection(SolutionConfigurationPlatforms) = preSolution
		Debug|Any CPU = Debug|Any CPU
		Release|Any CPU = Release|Any CPU
	EndGlobalSection
	GlobalSection(ProjectConfigurationPlatforms) = postSolution
		{DBB8CEE5-14A2-4BE8-95EA-3F9EB2F0A8D4}.Debug|Any CPU.ActiveCfg = Debug|Any CPU
		{DBB8CEE5-14A2-4BE8-95EA-3F9EB2F0A8D4}.Debug|Any CPU.Build.0 = Debug|Any CPU
		{DBB8CEE5-14A2-4BE8-95EA-3F9EB2F0A8D4}.Release|Any CPU.ActiveCfg = Release|Any CPU
		{DBB8CEE5-14A2-4BE8-95EA-3F9EB2F0A8D4}.Release|Any CPU.Build.0 = Release|Any CPU
	EndGlobalSection
	GlobalSection(SolutionProperties) = preSolution
		HideSolutionNode = FALSE
	EndGlobalSection
	GlobalSection(ExtensibilityGlobals) = postSolution
		SolutionGuid = {88AF6529-91E9-497A-850B-204355D2A9A9}
	EndGlobalSection
EndGlobal
